
Microsoft Visual Studio Solution File, Format Version 12.00
# Visual Studio Version 17
VisualStudioVersion = 17.9.34714.143
MinimumVisualStudioVersion = 10.0.40219.1
Project("{FAE04EC0-301F-11D3-BF4B-00C04F79EFBC}") = "restotestng", "restotestng.csproj", "{C9720497-6C39-412D-81CD-4ED9825A48A5}"
EndProject
Global
	GlobalSection(SolutionConfigurationPlatforms) = preSolution
		Debug|Any CPU = Debug|Any CPU
		Release|Any CPU = Release|Any CPU
	EndGlobalSection
	GlobalSection(ProjectConfigurationPlatforms) = postSolution
		{C9720497-6C39-412D-81CD-4ED9825A48A5}.Debug|Any CPU.ActiveCfg = Debug|Any CPU
		{C9720497-6C39-412D-81CD-4ED9825A48A5}.Debug|Any CPU.Build.0 = Debug|Any CPU
		{C9720497-6C39-412D-81CD-4ED9825A48A5}.Release|Any CPU.ActiveCfg = Release|Any CPU
		{C9720497-6C39-412D-81CD-4ED9825A48A5}.Release|Any CPU.Build.0 = Release|Any CPU
	EndGlobalSection
	GlobalSection(SolutionProperties) = preSolution
		HideSolutionNode = FALSE
	EndGlobalSection
	GlobalSection(ExtensibilityGlobals) = postSolution
		SolutionGuid = {ECB4C16C-9A5F-4E8C-8CDB-FE949C09BDB6}
	EndGlobalSection
EndGlobal
